{
  "nodes": {
    "agenix": {
      "inputs": {
        "nixpkgs": [
          "nixpkgs-unstable"
        ]
      },
      "locked": {
        "lastModified": 1665870395,
        "narHash": "sha256-Tsbqb27LDNxOoPLh0gw2hIb6L/6Ow/6lIBvqcHzEKBI=",
        "owner": "ryantm",
        "repo": "agenix",
        "rev": "a630400067c6d03c9b3e0455347dc8559db14288",
        "type": "github"
      },
      "original": {
        "owner": "ryantm",
        "repo": "agenix",
        "type": "github"
      }
    },
    "apollo-zola": {
      "flake": false,
      "locked": {
        "lastModified": 1724709229,
        "narHash": "sha256-C7tzJQZt62ETlUjnp9zVnUAAI7q8TdiIXnMWWbBL4ac=",
        "owner": "robbins",
        "repo": "apollo-custom",
        "rev": "fca58065a72bdfe49582fc450551592a68a33f5a",
        "type": "github"
      },
      "original": {
        "owner": "robbins",
        "repo": "apollo-custom",
        "type": "github"
      }
    },
    "nixpkgs-unstable": {
      "locked": {
        "lastModified": 1673180965,
        "narHash": "sha256-gMhL6w9RVluvPs+irJ9n0Q1BphZm+Ek4XGn5Ow7YQ3k=",
        "owner": "nixos",
        "repo": "nixpkgs",
        "rev": "0c9aadc8eff6daaa5149d2df9e6c49baaf44161c",
        "type": "github"
      },
      "original": {
        "owner": "nixos",
        "ref": "nixpkgs-unstable",
        "repo": "nixpkgs",
        "type": "github"
      }
    },
    "root": {
      "inputs": {
        "agenix": "agenix",
        "nixpkgs-unstable": "nixpkgs-unstable",
        "website-src": "website-src"
      }
    },
    "website-src": {
      "inputs": {
        "apollo-zola": "apollo-zola",
        "nixpkgs": [
          "nixpkgs-unstable"
        ]
      },
      "locked": {
        "lastModified": 1738462930,
        "narHash": "sha256-6g3h10utRJ4NMtCwgzdG9TyxKJLT4BACDW32r5g0XNo=",
        "owner": "robbins",
        "repo": "robbins.page-site",
        "rev": "0637e76a7e97e8717727eaac802f6b91ad4c41fb",
        "type": "github"
      },
      "original": {
        "owner": "robbins",
        "repo": "robbins.page-site",
        "type": "github"
      }
    }
  },
  "root": "root",
  "version": 7
}
